<?xml version="1.0" encoding="utf-8"?>
<Project ToolsVersion="4.0" xmlns="http://schemas.microsoft.com/developer/msbuild/2003">
  <ItemGroup>
    <Filter Include="imGuIZMO.quat">
      <UniqueIdentifier>{3FD3CCD1-AB93-4808-74CE-9185E04D8DE4}</UniqueIdentifier>
    </Filter>
  </ItemGroup>
  <ItemGroup>
    <ClInclude Include="imGuIZMO.quat\imGuIZMOquat.h">
      <Filter>imGuIZMO.quat</Filter>
    </ClInclude>
    <ClInclude Include="imGuIZMO.quat\vGizmo.h">
      <Filter>imGuIZMO.quat</Filter>
    </ClInclude>
    <ClInclude Include="imGuIZMO.quat\vGizmoMath.h">
      <Filter>imGuIZMO.quat</Filter>
    </ClInclude>
    <ClInclude Include="imGuIZMO.quat\vgConfig.h">
      <Filter>imGuIZMO.quat</Filter>
    </ClInclude>
    <ClInclude Include="imGuIZMO.quat\vgMath.h">
      <Filter>imGuIZMO.quat</Filter>
    </ClInclude>
    <ClInclude Include="imconfig.h" />
    <ClInclude Include="imfilebrowser.h" />
    <ClInclude Include="imgui.h" />
    <ClInclude Include="imgui_internal.h" />
    <ClInclude Include="imstb_rectpack.h" />
    <ClInclude Include="imstb_textedit.h" />
    <ClInclude Include="imstb_truetype.h" />
  </ItemGroup>
  <ItemGroup>
    <ClCompile Include="imGuIZMO.quat\imGuIZMOquat.cpp">
      <Filter>imGuIZMO.quat</Filter>
    </ClCompile>
    <ClCompile Include="imgui.cpp" />
    <ClCompile Include="imgui_demo.cpp" />
    <ClCompile Include="imgui_draw.cpp" />
    <ClCompile Include="imgui_widgets.cpp" />
  </ItemGroup>
</Project>